
Microsoft Visual Studio Solution File, Format Version 12.00
# Visual Studio 15
VisualStudioVersion = 15.0.28307.1758
MinimumVisualStudioVersion = 10.0.40219.1
Project("{FAE04EC0-301F-11D3-BF4B-00C04F79EFBC}") = "TwoProjectsForGit", "TwoProjectsForGit\TwoProjectsForGit.csproj", "{EF8413DA-9BA5-4B4F-8D1E-108BAB0810B3}"
EndProject
Project("{FAE04EC0-301F-11D3-BF4B-00C04F79EFBC}") = "SecondProject", "SecondProject\SecondProject.csproj", "{F7F493C7-E2E7-4E1A-88F2-287AF856898B}"
EndProject
Project("{FAE04EC0-301F-11D3-BF4B-00C04F79EFBC}") = "ThirdProject", "ThirdProject\ThirdProject.csproj", "{73869A77-13CC-492D-B971-B350AAADF452}"
EndProject
Global
	GlobalSection(SolutionConfigurationPlatforms) = preSolution
		Debug|Any CPU = Debug|Any CPU
		Release|Any CPU = Release|Any CPU
	EndGlobalSection
	GlobalSection(ProjectConfigurationPlatforms) = postSolution
		{EF8413DA-9BA5-4B4F-8D1E-108BAB0810B3}.Debug|Any CPU.ActiveCfg = Debug|Any CPU
		{EF8413DA-9BA5-4B4F-8D1E-108BAB0810B3}.Debug|Any CPU.Build.0 = Debug|Any CPU
		{EF8413DA-9BA5-4B4F-8D1E-108BAB0810B3}.Release|Any CPU.ActiveCfg = Release|Any CPU
		{EF8413DA-9BA5-4B4F-8D1E-108BAB0810B3}.Release|Any CPU.Build.0 = Release|Any CPU
		{F7F493C7-E2E7-4E1A-88F2-287AF856898B}.Debug|Any CPU.ActiveCfg = Debug|Any CPU
		{F7F493C7-E2E7-4E1A-88F2-287AF856898B}.Debug|Any CPU.Build.0 = Debug|Any CPU
		{F7F493C7-E2E7-4E1A-88F2-287AF856898B}.Release|Any CPU.ActiveCfg = Release|Any CPU
		{F7F493C7-E2E7-4E1A-88F2-287AF856898B}.Release|Any CPU.Build.0 = Release|Any CPU
		{73869A77-13CC-492D-B971-B350AAADF452}.Debug|Any CPU.ActiveCfg = Debug|Any CPU
		{73869A77-13CC-492D-B971-B350AAADF452}.Debug|Any CPU.Build.0 = Debug|Any CPU
		{73869A77-13CC-492D-B971-B350AAADF452}.Release|Any CPU.ActiveCfg = Release|Any CPU
		{73869A77-13CC-492D-B971-B350AAADF452}.Release|Any CPU.Build.0 = Release|Any CPU
	EndGlobalSection
	GlobalSection(SolutionProperties) = preSolution
		HideSolutionNode = FALSE
	EndGlobalSection
	GlobalSection(ExtensibilityGlobals) = postSolution
		SolutionGuid = {34D864C2-A797-47D4-9287-2E67A08D246A}
	EndGlobalSection
EndGlobal
